// !$*UTF8*$!
{
	archiveVersion = 1;
	classes = {
	};
	objectVersion = 48;
	objects = {

/* Begin PBXBuildFile section */
		6703D1BB1FFB8B7300469A25 /* AppDelegate.swift in Sources */ = {isa = PBXBuildFile; fileRef = 6703D1BA1FFB8B7300469A25 /* AppDelegate.swift */; };
		6703D1BD1FFB8B7300469A25 /* ViewController.swift in Sources */ = {isa = PBXBuildFile; fileRef = 6703D1BC1FFB8B7300469A25 /* ViewController.swift */; };
		6703D1C01FFB8B7300469A25 /* Main.storyboard in Resources */ = {isa = PBXBuildFile; fileRef = 6703D1BE1FFB8B7300469A25 /* Main.storyboard */; };
		6703D1C21FFB8B7300469A25 /* Assets.xcassets in Resources */ = {isa = PBXBuildFile; fileRef = 6703D1C11FFB8B7300469A25 /* Assets.xcassets */; };
		6703D1C51FFB8B7300469A25 /* LaunchScreen.storyboard in Resources */ = {isa = PBXBuildFile; fileRef = 6703D1C31FFB8B7300469A25 /* LaunchScreen.storyboard */; };
		67F661DC1FFBC2F60026FEAA /* LICENSE in Resources */ = {isa = PBXBuildFile; fileRef = 67F661DA1FFBC2F60026FEAA /* LICENSE */; };
		67F661DD1FFBC2F60026FEAA /* README.md in Resources */ = {isa = PBXBuildFile; fileRef = 67F661DB1FFBC2F60026FEAA /* README.md */; };
/* End PBXBuildFile section */

/* Begin PBXFileReference section */
		6703D1B71FFB8B7300469A25 /* UniversalLinksDemo.app */ = {isa = PBXFileReference; explicitFileType = wrapper.application; includeInIndex = 0; path = UniversalLinksDemo.app; sourceTree = BUILT_PRODUCTS_DIR; };
		6703D1BA1FFB8B7300469A25 /* AppDelegate.swift */ = {isa = PBXFileReference; lastKnownFileType = sourcecode.swift; path = AppDelegate.swift; sourceTree = "<group>"; };
		6703D1BC1FFB8B7300469A25 /* ViewController.swift */ = {isa = PBXFileReference; lastKnownFileType = sourcecode.swift; path = ViewController.swift; sourceTree = "<group>"; };
		6703D1BF1FFB8B7300469A25 /* Base */ = {isa = PBXFileReference; lastKnownFileType = file.storyboard; name = Base; path = Base.lproj/Main.storyboard; sourceTree = "<group>"; };
		6703D1C11FFB8B7300469A25 /* Assets.xcassets */ = {isa = PBXFileReference; lastKnownFileType = folder.assetcatalog; path = Assets.xcassets; sourceTree = "<group>"; };
		6703D1C41FFB8B7300469A25 /* Base */ = {isa = PBXFileReference; lastKnownFileType = file.storyboard; name = Base; path = Base.lproj/LaunchScreen.storyboard; sourceTree = "<group>"; };
		6703D1C61FFB8B7300469A25 /* Info.plist */ = {isa = PBXFileReference; lastKnownFileType = text.plist.xml; path = Info.plist; sourceTree = "<group>"; };
		6703D1CC1FFB8C0C00469A25 /* UniversalLinksDemo.entitlements */ = {isa = PBXFileReference; lastKnownFileType = text.plist.entitlements; path = UniversalLinksDemo.entitlements; sourceTree = "<group>"; };
		67F661DA1FFBC2F60026FEAA /* LICENSE */ = {isa = PBXFileReference; fileEncoding = 4; lastKnownFileType = text; name = LICENSE; path = ../LICENSE; sourceTree = "<group>"; };
		67F661DB1FFBC2F60026FEAA /* README.md */ = {isa = PBXFileReference; fileEncoding = 4; lastKnownFileType = net.daringfireball.markdown; name = README.md; path = ../README.md; sourceTree = "<group>"; };
/* End PBXFileReference section */

/* Begin PBXFrameworksBuildPhase section */
		6703D1B41FFB8B7300469A25 /* Frameworks */ = {
			isa = PBXFrameworksBuildPhase;
			buildActionMask = 2147483647;
			files = (
			);
			runOnlyForDeploymentPostprocessing = 0;
		};
/* End PBXFrameworksBuildPhase section */

/* Begin PBXGroup section */
		6703D1AE1FFB8B7300469A25 = {
			isa = PBXGroup;
			children = (
				67F661DA1FFBC2F60026FEAA /* LICENSE */,
				67F661DB1FFBC2F60026FEAA /* README.md */,
				6703D1B91FFB8B7300469A25 /* UniversalLinksDemo */,
				6703D1B81FFB8B7300469A25 /* Products */,
			);
			sourceTree = "<group>";
		};
		6703D1B81FFB8B7300469A25 /* Products */ = {
			isa = PBXGroup;
			children = (
				6703D1B71FFB8B7300469A25 /* UniversalLinksDemo.app */,
			);
			name = Products;
			sourceTree = "<group>";
		};
		6703D1B91FFB8B7300469A25 /* UniversalLinksDemo */ = {
			isa = PBXGroup;
			children = (
				6703D1CC1FFB8C0C00469A25 /* UniversalLinksDemo.entitlements */,
				6703D1BA1FFB8B7300469A25 /* AppDelegate.swift */,
				6703D1BC1FFB8B7300469A25 /* ViewController.swift */,
				6703D1BE1FFB8B7300469A25 /* Main.storyboard */,
				6703D1C11FFB8B7300469A25 /* Assets.xcassets */,
				6703D1C31FFB8B7300469A25 /* LaunchScreen.storyboard */,
				6703D1C61FFB8B7300469A25 /* Info.plist */,
			);
			path = UniversalLinksDemo;
			sourceTree = "<group>";
		};
/* End PBXGroup section */

/* Begin PBXNativeTarget section */
		6703D1B61FFB8B7300469A25 /* UniversalLinksDemo */ = {
			isa = PBXNativeTarget;
			buildConfigurationList = 6703D1C91FFB8B7300469A25 /* Build configuration list for PBXNativeTarget "UniversalLinksDemo" */;
			buildPhases = (
				6703D1B31FFB8B7300469A25 /* Sources */,
				6703D1B41FFB8B7300469A25 /* Frameworks */,
				6703D1B51FFB8B7300469A25 /* Resources */,
			);
			buildRules = (
			);
			dependencies = (
			);
			name = UniversalLinksDemo;
			productName = UniversalLinksDemo;
			productReference = 6703D1B71FFB8B7300469A25 /* UniversalLinksDemo.app */;
			productType = "com.apple.product-type.application";
		};
/* End PBXNativeTarget section */

/* Begin PBXProject section */
		6703D1AF1FFB8B7300469A25 /* Project object */ = {
			isa = PBXProject;
			attributes = {
				LastSwiftUpdateCheck = 0920;
				LastUpgradeCheck = 0920;
				ORGANIZATIONNAME = "沈兆良";
				TargetAttributes = {
					6703D1B61FFB8B7300469A25 = {
						CreatedOnToolsVersion = 9.2;
						ProvisioningStyle = Automatic;
						SystemCapabilities = {
							com.apple.SafariKeychain = {
								enabled = 1;
							};
						};
					};
				};
			};
			buildConfigurationList = 6703D1B21FFB8B7300469A25 /* Build configuration list for PBXProject "UniversalLinksDemo" */;
			compatibilityVersion = "Xcode 8.0";
			developmentRegion = en;
			hasScannedForEncodings = 0;
			knownRegions = (
				en,
				Base,
			);
			mainGroup = 6703D1AE1FFB8B7300469A25;
			productRefGroup = 6703D1B81FFB8B7300469A25 /* Products */;
			projectDirPath = "";
			projectRoot = "";
			targets = (
				6703D1B61FFB8B7300469A25 /* UniversalLinksDemo */,
			);
		};
/* End PBXProject section */

/* Begin PBXResourcesBuildPhase section */
		6703D1B51FFB8B7300469A25 /* Resources */ = {
			isa = PBXResourcesBuildPhase;
			buildActionMask = 2147483647;
			files = (
				6703D1C51FFB8B7300469A25 /* LaunchScreen.storyboard in Resources */,
				6703D1C21FFB8B7300469A25 /* Assets.xcassets in Resources */,
				67F661DD1FFBC2F60026FEAA /* README.md in Resources */,
				67F661DC1FFBC2F60026FEAA /* LICENSE in Resources */,
				6703D1C01FFB8B7300469A25 /* Main.storyboard in Resources */,
			);
			runOnlyForDeploymentPostprocessing = 0;
		};
/* End PBXResourcesBuildPhase section */

/* Begin PBXSourcesBuildPhase section */
		6703D1B31FFB8B7300469A25 /* Sources */ = {
			isa = PBXSourcesBuildPhase;
			buildActionMask = 2147483647;
			files = (
				6703D1BD1FFB8B7300469A25 /* ViewController.swift in Sources */,
				6703D1BB1FFB8B7300469A25 /* AppDelegate.swift in Sources */,
			);
			runOnlyForDeploymentPostprocessing = 0;
		};
/* End PBXSourcesBuildPhase section */

/* Begin PBXVariantGroup section */
		6703D1BE1FFB8B7300469A25 /* Main.storyboard */ = {
			isa = PBXVariantGroup;
			children = (
				6703D1BF1FFB8B7300469A25 /* Base */,
			);
			name = Main.storyboard;
			sourceTree = "<group>";
		};
		6703D1C31FFB8B7300469A25 /* LaunchScreen.storyboard */ = {
			isa = PBXVariantGroup;
			children = (
				6703D1C41FFB8B7300469A25 /* Base */,
			);
			name = LaunchScreen.storyboard;
			sourceTree = "<group>";
		};
/* End PBXVariantGroup section */

/* Begin XCBuildConfiguration section */
		6703D1C71FFB8B7300469A25 /* Debug */ = {
			isa = XCBuildConfiguration;
			buildSettings = {
				ALWAYS_SEARCH_USER_PATHS = NO;
				CLANG_ANALYZER_NONNULL = YES;
				CLANG_ANALYZER_NUMBER_OBJECT_CONVERSION = YES_AGGRESSIVE;
				CLANG_CXX_LANGUAGE_STANDARD = "gnu++14";
				CLANG_CXX_LIBRARY = "libc++";
				CLANG_ENABLE_MODULES = YES;
				CLANG_ENABLE_OBJC_ARC = YES;
				CLANG_WARN_BLOCK_CAPTURE_AUTORELEASING = YES;
				CLANG_WARN_BOOL_CONVERSION = YES;
				CLANG_WARN_COMMA = YES;
				CLANG_WARN_CONSTANT_CONVERSION = YES;
				CLANG_WARN_DIRECT_OBJC_ISA_USAGE = YES_ERROR;
				CLANG_WARN_DOCUMENTATION_COMMENTS = YES;
				CLANG_WARN_EMPTY_BODY = YES;
				CLANG_WARN_ENUM_CONVERSION = YES;
				CLANG_WARN_INFINITE_RECURSION = YES;
				CLANG_WARN_INT_CONVERSION = YES;
				CLANG_WARN_NON_LITERAL_NULL_CONVERSION = YES;
				CLANG_WARN_OBJC_LITERAL_CONVERSION = YES;
				CLANG_WARN_OBJC_ROOT_CLASS = YES_ERROR;
				CLANG_WARN_RANGE_LOOP_ANALYSIS = YES;
				CLANG_WARN_STRICT_PROTOTYPES = YES;
				CLANG_WARN_SUSPICIOUS_MOVE = YES;
				CLANG_WARN_UNGUARDED_AVAILABILITY = YES_AGGRESSIVE;
				CLANG_WARN_UNREACHABLE_CODE = YES;
				CLANG_WARN__DUPLICATE_METHOD_MATCH = YES;
				CODE_SIGN_IDENTITY = "iPhone Developer";
				COPY_PHASE_STRIP = NO;
				DEBUG_INFORMATION_FORMAT = dwarf;
				ENABLE_STRICT_OBJC_MSGSEND = YES;
				ENABLE_TESTABILITY = YES;
				GCC_C_LANGUAGE_STANDARD = gnu11;
				GCC_DYNAMIC_NO_PIC = NO;
				GCC_NO_COMMON_BLOCKS = YES;
				GCC_OPTIMIZATION_LEVEL = 0;
				GCC_PREPROCESSOR_DEFINITIONS = (
					"DEBUG=1",
					"$(inherited)",
				);
				GCC_WARN_64_TO_32_BIT_CONVERSION = YES;
				GCC_WARN_ABOUT_RETURN_TYPE = YES_ERROR;
				GCC_WARN_UNDECLARED_SELECTOR = YES;
				GCC_WARN_UNINITIALIZED_AUTOS = YES_AGGRESSIVE;
				GCC_WARN_UNUSED_FUNCTION = YES;
				GCC_WARN_UNUSED_VARIABLE = YES;
				IPHONEOS_DEPLOYMENT_TARGET = 11.2;
				MTL_ENABLE_DEBUG_INFO = YES;
				ONLY_ACTIVE_ARCH = YES;
				SDKROOT = iphoneos;
				SWIFT_ACTIVE_COMPILATION_CONDITIONS = DEBUG;
				SWIFT_OPTIMIZATION_LEVEL = "-Onone";
			};
			name = Debug;
		};
		6703D1C81FFB8B7300469A25 /* Release */ = {
			isa = XCBuildConfiguration;
			buildSettings = {
				ALWAYS_SEARCH_USER_PATHS = NO;
				CLANG_ANALYZER_NONNULL = YES;
				CLANG_ANALYZER_NUMBER_OBJECT_CONVERSION = YES_AGGRESSIVE;
				CLANG_CXX_LANGUAGE_STANDARD = "gnu++14";
				CLANG_CXX_LIBRARY = "libc++";
				CLANG_ENABLE_MODULES = YES;
				CLANG_ENABLE_OBJC_ARC = YES;
				CLANG_WARN_BLOCK_CAPTURE_AUTORELEASING = YES;
				CLANG_WARN_BOOL_CONVERSION = YES;
				CLANG_WARN_COMMA = YES;
				CLANG_WARN_CONSTANT_CONVERSION = YES;
				CLANG_WARN_DIRECT_OBJC_ISA_USAGE = YES_ERROR;
				CLANG_WARN_DOCUMENTATION_COMMENTS = YES;
				CLANG_WARN_EMPTY_BODY = YES;
				CLANG_WARN_ENUM_CONVERSION = YES;
				CLANG_WARN_INFINITE_RECURSION = YES;
				CLANG_WARN_INT_CONVERSION = YES;
				CLANG_WARN_NON_LITERAL_NULL_CONVERSION = YES;
				CLANG_WARN_OBJC_LITERAL_CONVERSION = YES;
				CLANG_WARN_OBJC_ROOT_CLASS = YES_ERROR;
				CLANG_WARN_RANGE_LOOP_ANALYSIS = YES;
				CLANG_WARN_STRICT_PROTOTYPES = YES;
				CLANG_WARN_SUSPICIOUS_MOVE = YES;
				CLANG_WARN_UNGUARDED_AVAILABILITY = YES_AGGRESSIVE;
				CLANG_WARN_UNREACHABLE_CODE = YES;
				CLANG_WARN__DUPLICATE_METHOD_MATCH = YES;
				CODE_SIGN_IDENTITY = "iPhone Developer";
				COPY_PHASE_STRIP = NO;
				DEBUG_INFORMATION_FORMAT = "dwarf-with-dsym";
				ENABLE_NS_ASSERTIONS = NO;
				ENABLE_STRICT_OBJC_MSGSEND = YES;
				GCC_C_LANGUAGE_STANDARD = gnu11;
				GCC_NO_COMMON_BLOCKS = YES;
				GCC_WARN_64_TO_32_BIT_CONVERSION = YES;
				GCC_WARN_ABOUT_RETURN_TYPE = YES_ERROR;
				GCC_WARN_UNDECLARED_SELECTOR = YES;
				GCC_WARN_UNINITIALIZED_AUTOS = YES_AGGRESSIVE;
				GCC_WARN_UNUSED_FUNCTION = YES;
				GCC_WARN_UNUSED_VARIABLE = YES;
				IPHONEOS_DEPLOYMENT_TARGET = 11.2;
				MTL_ENABLE_DEBUG_INFO = NO;
				SDKROOT = iphoneos;
				SWIFT_OPTIMIZATION_LEVEL = "-Owholemodule";
				VALIDATE_PRODUCT = YES;
			};
			name = Release;
		};
		6703D1CA1FFB8B7300469A25 /* Debug */ = {
			isa = XCBuildConfiguration;
			buildSettings = {
				ASSETCATALOG_COMPILER_APPICON_NAME = AppIcon;
				CODE_SIGN_ENTITLEMENTS = UniversalLinksDemo/UniversalLinksDemo.entitlements;
				CODE_SIGN_STYLE = Automatic;
				DEVELOPMENT_TEAM = 23P8M9VEK5;
				INFOPLIST_FILE = UniversalLinksDemo/Info.plist;
				LD_RUNPATH_SEARCH_PATHS = "$(inherited) @executable_path/Frameworks";
				PRODUCT_BUNDLE_IDENTIFIER = com.comtop.eoa;
				PRODUCT_NAME = "$(TARGET_NAME)";
				SWIFT_VERSION = 4.0;
				TARGETED_DEVICE_FAMILY = "1,2";
			};
			name = Debug;
		};
		6703D1CB1FFB8B7300469A25 /* Release */ = {
			isa = XCBuildConfiguration;
			buildSettings = {
				ASSETCATALOG_COMPILER_APPICON_NAME = AppIcon;
				CODE_SIGN_ENTITLEMENTS = UniversalLinksDemo/UniversalLinksDemo.entitlements;
				CODE_SIGN_STYLE = Automatic;
				DEVELOPMENT_TEAM = 23P8M9VEK5;
				INFOPLIST_FILE = UniversalLinksDemo/Info.plist;
				LD_RUNPATH_SEARCH_PATHS = "$(inherited) @executable_path/Frameworks";
				PRODUCT_BUNDLE_IDENTIFIER = com.comtop.eoa;
				PRODUCT_NAME = "$(TARGET_NAME)";
				SWIFT_VERSION = 4.0;
				TARGETED_DEVICE_FAMILY = "1,2";
			};
			name = Release;
		};
/* End XCBuildConfiguration section */

/* Begin XCConfigurationList section */
		6703D1B21FFB8B7300469A25 /* Build configuration list for PBXProject "UniversalLinksDemo" */ = {
			isa = XCConfigurationList;
			buildConfigurations = (
				6703D1C71FFB8B7300469A25 /* Debug */,
				6703D1C81FFB8B7300469A25 /* Release */,
			);
			defaultConfigurationIsVisible = 0;
			defaultConfigurationName = Release;
		};
		6703D1C91FFB8B7300469A25 /* Build configuration list for PBXNativeTarget "UniversalLinksDemo" */ = {
			isa = XCConfigurationList;
			buildConfigurations = (
				6703D1CA1FFB8B7300469A25 /* Debug */,
				6703D1CB1FFB8B7300469A25 /* Release */,
			);
			defaultConfigurationIsVisible = 0;
			defaultConfigurationName = Release;
		};
/* End XCConfigurationList section */
	};
	rootObject = 6703D1AF1FFB8B7300469A25 /* Project object */;
}
